
Microsoft Visual Studio Solution File, Format Version 12.00
# Visual Studio Version 17
VisualStudioVersion = 17.6.33815.320
MinimumVisualStudioVersion = 10.0.40219.1
Project("{9A19103F-16F7-4668-BE54-9A1E7A4F7556}") = "Demo_Areas", "Demo_Areas\Demo_Areas.csproj", "{D347E525-DC52-4852-80F8-B63AE6D6CF85}"
EndProject
Global
	GlobalSection(SolutionConfigurationPlatforms) = preSolution
		Debug|Any CPU = Debug|Any CPU
		Release|Any CPU = Release|Any CPU
	EndGlobalSection
	GlobalSection(ProjectConfigurationPlatforms) = postSolution
		{D347E525-DC52-4852-80F8-B63AE6D6CF85}.Debug|Any CPU.ActiveCfg = Debug|Any CPU
		{D347E525-DC52-4852-80F8-B63AE6D6CF85}.Debug|Any CPU.Build.0 = Debug|Any CPU
		{D347E525-DC52-4852-80F8-B63AE6D6CF85}.Release|Any CPU.ActiveCfg = Release|Any CPU
		{D347E525-DC52-4852-80F8-B63AE6D6CF85}.Release|Any CPU.Build.0 = Release|Any CPU
	EndGlobalSection
	GlobalSection(SolutionProperties) = preSolution
		HideSolutionNode = FALSE
	EndGlobalSection
	GlobalSection(ExtensibilityGlobals) = postSolution
		SolutionGuid = {D438A972-257A-4A2D-BFB7-97E0B963761A}
	EndGlobalSection
EndGlobal
